
Microsoft Visual Studio Solution File, Format Version 12.00
# Visual Studio 15
VisualStudioVersion = 15.0.27004.2009
MinimumVisualStudioVersion = 10.0.40219.1
Project("{888888A0-9F3D-457C-B088-3A5042F75D52}") = "CameraTrapAugmentation", "CameraTrapAugmentation.pyproj", "{0B312CFA-D30D-450F-90A8-2E748634DF65}"
EndProject
Project("{888888A0-9F3D-457C-B088-3A5042F75D52}") = "IRtoRGB", "..\IRtoRGB\IRtoRGB.pyproj", "{D9C7D7AC-8D2E-41C5-AAAB-7D487DAEE9E2}"
EndProject
Global
	GlobalSection(SolutionConfigurationPlatforms) = preSolution
		Debug|Any CPU = Debug|Any CPU
		Release|Any CPU = Release|Any CPU
	EndGlobalSection
	GlobalSection(ProjectConfigurationPlatforms) = postSolution
		{0B312CFA-D30D-450F-90A8-2E748634DF65}.Debug|Any CPU.ActiveCfg = Debug|Any CPU
		{0B312CFA-D30D-450F-90A8-2E748634DF65}.Release|Any CPU.ActiveCfg = Release|Any CPU
		{D9C7D7AC-8D2E-41C5-AAAB-7D487DAEE9E2}.Debug|Any CPU.ActiveCfg = Debug|Any CPU
		{D9C7D7AC-8D2E-41C5-AAAB-7D487DAEE9E2}.Release|Any CPU.ActiveCfg = Release|Any CPU
	EndGlobalSection
	GlobalSection(SolutionProperties) = preSolution
		HideSolutionNode = FALSE
	EndGlobalSection
	GlobalSection(ExtensibilityGlobals) = postSolution
		SolutionGuid = {9F0C46FB-0FC0-436A-9640-B5ADC441432F}
	EndGlobalSection
EndGlobal
